
Microsoft Visual Studio Solution File, Format Version 12.00
# Visual Studio Version 17
VisualStudioVersion = 17.14.36414.22 d17.14
MinimumVisualStudioVersion = 10.0.40219.1
Project("{FAE04EC0-301F-11D3-BF4B-00C04F79EFBC}") = "Ejemplo_pila_arreglo", "Ejemplo_pila_arreglo\Ejemplo_pila_arreglo.csproj", "{9ED2A6DA-9A50-47CA-9DD6-2D090E98DFB6}"
EndProject
Global
	GlobalSection(SolutionConfigurationPlatforms) = preSolution
		Debug|Any CPU = Debug|Any CPU
		Release|Any CPU = Release|Any CPU
	EndGlobalSection
	GlobalSection(ProjectConfigurationPlatforms) = postSolution
		{9ED2A6DA-9A50-47CA-9DD6-2D090E98DFB6}.Debug|Any CPU.ActiveCfg = Debug|Any CPU
		{9ED2A6DA-9A50-47CA-9DD6-2D090E98DFB6}.Debug|Any CPU.Build.0 = Debug|Any CPU
		{9ED2A6DA-9A50-47CA-9DD6-2D090E98DFB6}.Release|Any CPU.ActiveCfg = Release|Any CPU
		{9ED2A6DA-9A50-47CA-9DD6-2D090E98DFB6}.Release|Any CPU.Build.0 = Release|Any CPU
	EndGlobalSection
	GlobalSection(SolutionProperties) = preSolution
		HideSolutionNode = FALSE
	EndGlobalSection
	GlobalSection(ExtensibilityGlobals) = postSolution
		SolutionGuid = {16FEE2AD-D455-4205-BC90-36DF025EF324}
	EndGlobalSection
EndGlobal
